
Microsoft Visual Studio Solution File, Format Version 12.00
# Visual Studio 2012
Project("{8BC9CEB8-8B4A-11D0-8D11-00A0C91BC942}") = "Lemon", "Lemon.vcxproj", "{4983456E-3A8E-42C0-897E-2F7C2007146F}"
EndProject
Global
	GlobalSection(SolutionConfigurationPlatforms) = preSolution
		Debug|Win32 = Debug|Win32
		Release|Win32 = Release|Win32
	EndGlobalSection
	GlobalSection(ProjectConfigurationPlatforms) = postSolution
		{4983456E-3A8E-42C0-897E-2F7C2007146F}.Debug|Win32.ActiveCfg = Debug|Win32
		{4983456E-3A8E-42C0-897E-2F7C2007146F}.Debug|Win32.Build.0 = Debug|Win32
		{4983456E-3A8E-42C0-897E-2F7C2007146F}.Release|Win32.ActiveCfg = Release|Win32
		{4983456E-3A8E-42C0-897E-2F7C2007146F}.Release|Win32.Build.0 = Release|Win32
	EndGlobalSection
	GlobalSection(SolutionProperties) = preSolution
		HideSolutionNode = FALSE
	EndGlobalSection
EndGlobal
